
Microsoft Visual Studio Solution File, Format Version 12.00
# Visual Studio Version 17
VisualStudioVersion = 17.11.35303.130
MinimumVisualStudioVersion = 10.0.40219.1
Project("{FAE04EC0-301F-11D3-BF4B-00C04F79EFBC}") = "RestaurantAppFrontend", "RestaurantAppFrontend\RestaurantAppFrontend.csproj", "{C46CBCB4-2552-4B62-B754-71A4BEF4B332}"
EndProject
Global
	GlobalSection(SolutionConfigurationPlatforms) = preSolution
		Debug|Any CPU = Debug|Any CPU
		Release|Any CPU = Release|Any CPU
	EndGlobalSection
	GlobalSection(ProjectConfigurationPlatforms) = postSolution
		{C46CBCB4-2552-4B62-B754-71A4BEF4B332}.Debug|Any CPU.ActiveCfg = Debug|Any CPU
		{C46CBCB4-2552-4B62-B754-71A4BEF4B332}.Debug|Any CPU.Build.0 = Debug|Any CPU
		{C46CBCB4-2552-4B62-B754-71A4BEF4B332}.Release|Any CPU.ActiveCfg = Release|Any CPU
		{C46CBCB4-2552-4B62-B754-71A4BEF4B332}.Release|Any CPU.Build.0 = Release|Any CPU
	EndGlobalSection
	GlobalSection(SolutionProperties) = preSolution
		HideSolutionNode = FALSE
	EndGlobalSection
	GlobalSection(ExtensibilityGlobals) = postSolution
		SolutionGuid = {9047BDA6-92FF-4938-849B-557B966F30D5}
	EndGlobalSection
EndGlobal
